
Microsoft Visual Studio Solution File, Format Version 12.00
# Visual Studio Version 16
VisualStudioVersion = 16.0.30320.27
MinimumVisualStudioVersion = 10.0.40219.1
Project("{2150E333-8FDC-42A3-9474-1A3956D46DE8}") = "Facade", "Facade", "{46BEBC9E-1946-4E8C-AD1A-D4143682401A}"
EndProject
Project("{2150E333-8FDC-42A3-9474-1A3956D46DE8}") = "Infrastructure", "Infrastructure", "{F81243F2-D316-4A35-8F7B-D980C496B608}"
EndProject
Project("{9A19103F-16F7-4668-BE54-9A1E7A4F7556}") = "Tandem.Facade", "Source\Facade\Tandem.Facade\Tandem.Facade.csproj", "{ED3FCDE5-2CFE-47EC-9C3F-156073458209}"
EndProject
Project("{9A19103F-16F7-4668-BE54-9A1E7A4F7556}") = "Tandem.Infrastructure", "Source\Infrastructure\Tandem.Infrastructure\Tandem.Infrastructure.csproj", "{D8784D05-9347-4507-A8A8-77ECD9E3101E}"
EndProject
Project("{2150E333-8FDC-42A3-9474-1A3956D46DE8}") = "Adapter", "Adapter", "{FD1CB74D-43CE-42EC-9F99-E518F190B89C}"
EndProject
Project("{2150E333-8FDC-42A3-9474-1A3956D46DE8}") = "Data", "Data", "{E14AE635-BC0B-48A1-A053-9CFB7136B7DA}"
EndProject
Project("{2150E333-8FDC-42A3-9474-1A3956D46DE8}") = "NuGets", "NuGets", "{A04D99A3-D85F-468C-A641-0865742F7307}"
EndProject
Project("{FAE04EC0-301F-11D3-BF4B-00C04F79EFBC}") = "Common.DataProxy", "Source\NuGets\Common.DataProxy\Common.DataProxy.csproj", "{9DC659C8-517F-4ACC-B9FB-F382E2F87347}"
EndProject
Project("{9A19103F-16F7-4668-BE54-9A1E7A4F7556}") = "Tandem.Data", "Source\Data\Tandem.Data\Tandem.Data.csproj", "{806094A6-BD46-4DB7-9444-C0331AE552D1}"
EndProject
Project("{FAE04EC0-301F-11D3-BF4B-00C04F79EFBC}") = "Tandem.Adapter", "Source\Adapter\Tandem.Adapter\Tandem.Adapter.csproj", "{45AC2485-E2D0-46B6-81B6-87F13F6ED693}"
EndProject
Project("{FAE04EC0-301F-11D3-BF4B-00C04F79EFBC}") = "Tandem.BusinessEntities", "Source\BusinessEntities\Tandem.BusinessEntities\Tandem.BusinessEntities.csproj", "{DD23F141-EBE1-4B28-A524-FCD23E933DC0}"
EndProject
Project("{2150E333-8FDC-42A3-9474-1A3956D46DE8}") = "ServiceImpl", "ServiceImpl", "{D33BC08A-8A19-449A-8B66-026ADA26F70B}"
EndProject
Project("{9A19103F-16F7-4668-BE54-9A1E7A4F7556}") = "Tandem.WebService", "Source\WebService\Tandem.WebService.csproj", "{806B64C5-8FBD-405E-979B-56E510E791C5}"
EndProject
Project("{FAE04EC0-301F-11D3-BF4B-00C04F79EFBC}") = "Tandem.BusinessModels", "Source\BusinessModels\Tandem.BusinessModels\Tandem.BusinessModels.csproj", "{9272D4BA-CCFE-4B43-8232-A2400122B8F8}"
EndProject
Project("{FAE04EC0-301F-11D3-BF4B-00C04F79EFBC}") = "Common.StatusResponse", "Source\NuGets\Common.StatusResponse\Common.StatusResponse.csproj", "{3C7A2825-349D-4218-9DC1-36B63F83A2C7}"
EndProject
Global
	GlobalSection(SolutionConfigurationPlatforms) = preSolution
		Debug|Any CPU = Debug|Any CPU
		Release|Any CPU = Release|Any CPU
	EndGlobalSection
	GlobalSection(ProjectConfigurationPlatforms) = postSolution
		{ED3FCDE5-2CFE-47EC-9C3F-156073458209}.Debug|Any CPU.ActiveCfg = Debug|Any CPU
		{ED3FCDE5-2CFE-47EC-9C3F-156073458209}.Debug|Any CPU.Build.0 = Debug|Any CPU
		{ED3FCDE5-2CFE-47EC-9C3F-156073458209}.Release|Any CPU.ActiveCfg = Release|Any CPU
		{ED3FCDE5-2CFE-47EC-9C3F-156073458209}.Release|Any CPU.Build.0 = Release|Any CPU
		{D8784D05-9347-4507-A8A8-77ECD9E3101E}.Debug|Any CPU.ActiveCfg = Debug|Any CPU
		{D8784D05-9347-4507-A8A8-77ECD9E3101E}.Debug|Any CPU.Build.0 = Debug|Any CPU
		{D8784D05-9347-4507-A8A8-77ECD9E3101E}.Release|Any CPU.ActiveCfg = Release|Any CPU
		{D8784D05-9347-4507-A8A8-77ECD9E3101E}.Release|Any CPU.Build.0 = Release|Any CPU
		{9DC659C8-517F-4ACC-B9FB-F382E2F87347}.Debug|Any CPU.ActiveCfg = Debug|Any CPU
		{9DC659C8-517F-4ACC-B9FB-F382E2F87347}.Debug|Any CPU.Build.0 = Debug|Any CPU
		{9DC659C8-517F-4ACC-B9FB-F382E2F87347}.Release|Any CPU.ActiveCfg = Release|Any CPU
		{9DC659C8-517F-4ACC-B9FB-F382E2F87347}.Release|Any CPU.Build.0 = Release|Any CPU
		{806094A6-BD46-4DB7-9444-C0331AE552D1}.Debug|Any CPU.ActiveCfg = Debug|Any CPU
		{806094A6-BD46-4DB7-9444-C0331AE552D1}.Debug|Any CPU.Build.0 = Debug|Any CPU
		{806094A6-BD46-4DB7-9444-C0331AE552D1}.Release|Any CPU.ActiveCfg = Release|Any CPU
		{806094A6-BD46-4DB7-9444-C0331AE552D1}.Release|Any CPU.Build.0 = Release|Any CPU
		{45AC2485-E2D0-46B6-81B6-87F13F6ED693}.Debug|Any CPU.ActiveCfg = Debug|Any CPU
		{45AC2485-E2D0-46B6-81B6-87F13F6ED693}.Debug|Any CPU.Build.0 = Debug|Any CPU
		{45AC2485-E2D0-46B6-81B6-87F13F6ED693}.Release|Any CPU.ActiveCfg = Release|Any CPU
		{45AC2485-E2D0-46B6-81B6-87F13F6ED693}.Release|Any CPU.Build.0 = Release|Any CPU
		{DD23F141-EBE1-4B28-A524-FCD23E933DC0}.Debug|Any CPU.ActiveCfg = Debug|Any CPU
		{DD23F141-EBE1-4B28-A524-FCD23E933DC0}.Debug|Any CPU.Build.0 = Debug|Any CPU
		{DD23F141-EBE1-4B28-A524-FCD23E933DC0}.Release|Any CPU.ActiveCfg = Release|Any CPU
		{DD23F141-EBE1-4B28-A524-FCD23E933DC0}.Release|Any CPU.Build.0 = Release|Any CPU
		{806B64C5-8FBD-405E-979B-56E510E791C5}.Debug|Any CPU.ActiveCfg = Debug|Any CPU
		{806B64C5-8FBD-405E-979B-56E510E791C5}.Debug|Any CPU.Build.0 = Debug|Any CPU
		{806B64C5-8FBD-405E-979B-56E510E791C5}.Release|Any CPU.ActiveCfg = Release|Any CPU
		{806B64C5-8FBD-405E-979B-56E510E791C5}.Release|Any CPU.Build.0 = Release|Any CPU
		{9272D4BA-CCFE-4B43-8232-A2400122B8F8}.Debug|Any CPU.ActiveCfg = Debug|Any CPU
		{9272D4BA-CCFE-4B43-8232-A2400122B8F8}.Debug|Any CPU.Build.0 = Debug|Any CPU
		{9272D4BA-CCFE-4B43-8232-A2400122B8F8}.Release|Any CPU.ActiveCfg = Release|Any CPU
		{9272D4BA-CCFE-4B43-8232-A2400122B8F8}.Release|Any CPU.Build.0 = Release|Any CPU
		{3C7A2825-349D-4218-9DC1-36B63F83A2C7}.Debug|Any CPU.ActiveCfg = Debug|Any CPU
		{3C7A2825-349D-4218-9DC1-36B63F83A2C7}.Debug|Any CPU.Build.0 = Debug|Any CPU
		{3C7A2825-349D-4218-9DC1-36B63F83A2C7}.Release|Any CPU.ActiveCfg = Release|Any CPU
		{3C7A2825-349D-4218-9DC1-36B63F83A2C7}.Release|Any CPU.Build.0 = Release|Any CPU
	EndGlobalSection
	GlobalSection(SolutionProperties) = preSolution
		HideSolutionNode = FALSE
	EndGlobalSection
	GlobalSection(NestedProjects) = preSolution
		{ED3FCDE5-2CFE-47EC-9C3F-156073458209} = {46BEBC9E-1946-4E8C-AD1A-D4143682401A}
		{D8784D05-9347-4507-A8A8-77ECD9E3101E} = {F81243F2-D316-4A35-8F7B-D980C496B608}
		{9DC659C8-517F-4ACC-B9FB-F382E2F87347} = {A04D99A3-D85F-468C-A641-0865742F7307}
		{806094A6-BD46-4DB7-9444-C0331AE552D1} = {E14AE635-BC0B-48A1-A053-9CFB7136B7DA}
		{45AC2485-E2D0-46B6-81B6-87F13F6ED693} = {FD1CB74D-43CE-42EC-9F99-E518F190B89C}
		{DD23F141-EBE1-4B28-A524-FCD23E933DC0} = {FD1CB74D-43CE-42EC-9F99-E518F190B89C}
		{806B64C5-8FBD-405E-979B-56E510E791C5} = {D33BC08A-8A19-449A-8B66-026ADA26F70B}
		{9272D4BA-CCFE-4B43-8232-A2400122B8F8} = {D33BC08A-8A19-449A-8B66-026ADA26F70B}
		{3C7A2825-349D-4218-9DC1-36B63F83A2C7} = {A04D99A3-D85F-468C-A641-0865742F7307}
	EndGlobalSection
	GlobalSection(ExtensibilityGlobals) = postSolution
		SolutionGuid = {49C4920C-46A0-402A-A42E-2FBECEA0CCB3}
	EndGlobalSection
EndGlobal
